
Microsoft Visual Studio Solution File, Format Version 11.00
# Visual Studio 2010
Project("{FAE04EC0-301F-11D3-BF4B-00C04F79EFBC}") = "Assembly-CSharp", "Assembly-CSharp.csproj", "{c39d4635-af3b-1779-b154-d74d9b5f9595}"
EndProject
Project("{FAE04EC0-301F-11D3-BF4B-00C04F79EFBC}") = "Assembly-CSharp-Editor", "Assembly-CSharp-Editor.csproj", "{323895d5-78df-dd60-26c2-d2d3936ac911}"
EndProject
Global
	GlobalSection(SolutionConfigurationPlatforms) = preSolution
		Debug|Any CPU = Debug|Any CPU
		Release|Any CPU = Release|Any CPU
	EndGlobalSection
	GlobalSection(ProjectConfigurationPlatforms) = postSolution
		{c39d4635-af3b-1779-b154-d74d9b5f9595}.Debug|Any CPU.ActiveCfg = Debug|Any CPU
		{c39d4635-af3b-1779-b154-d74d9b5f9595}.Debug|Any CPU.Build.0 = Debug|Any CPU
		{c39d4635-af3b-1779-b154-d74d9b5f9595}.Release|Any CPU.ActiveCfg = Release|Any CPU
		{c39d4635-af3b-1779-b154-d74d9b5f9595}.Release|Any CPU.Build.0 = Release|Any CPU
		{323895d5-78df-dd60-26c2-d2d3936ac911}.Debug|Any CPU.ActiveCfg = Debug|Any CPU
		{323895d5-78df-dd60-26c2-d2d3936ac911}.Debug|Any CPU.Build.0 = Debug|Any CPU
		{323895d5-78df-dd60-26c2-d2d3936ac911}.Release|Any CPU.ActiveCfg = Release|Any CPU
		{323895d5-78df-dd60-26c2-d2d3936ac911}.Release|Any CPU.Build.0 = Release|Any CPU
	EndGlobalSection
	GlobalSection(SolutionProperties) = preSolution
		HideSolutionNode = FALSE
	EndGlobalSection
EndGlobal
